
Microsoft Visual Studio Solution File, Format Version 12.00
# Visual Studio Version 16
VisualStudioVersion = 16.0.30330.147
MinimumVisualStudioVersion = 10.0.40219.1
Project("{FAE04EC0-301F-11D3-BF4B-00C04F79EFBC}") = "FizzBuzzConsoleApp", "FizzBuzzConsoleApp\FizzBuzzConsoleApp.csproj", "{69E0A768-7EAD-4B2B-9934-021FFC21F334}"
EndProject
Project("{FAE04EC0-301F-11D3-BF4B-00C04F79EFBC}") = "FizzBuzz.Library", "FizzBuzz.Library\FizzBuzz.Library.csproj", "{6810282B-9355-4E0F-80BA-CC0AA1BD7BF7}"
EndProject
Project("{FAE04EC0-301F-11D3-BF4B-00C04F79EFBC}") = "FizzBuzz.Library.NUnitTest", "FizzBuzz.Library.NUnitTest\FizzBuzz.Library.NUnitTest.csproj", "{284CFEE7-3E37-4FFC-AD6A-E6DB38DBF7E3}"
EndProject
Global
	GlobalSection(SolutionConfigurationPlatforms) = preSolution
		Debug|Any CPU = Debug|Any CPU
		Release|Any CPU = Release|Any CPU
	EndGlobalSection
	GlobalSection(ProjectConfigurationPlatforms) = postSolution
		{69E0A768-7EAD-4B2B-9934-021FFC21F334}.Debug|Any CPU.ActiveCfg = Debug|Any CPU
		{69E0A768-7EAD-4B2B-9934-021FFC21F334}.Debug|Any CPU.Build.0 = Debug|Any CPU
		{69E0A768-7EAD-4B2B-9934-021FFC21F334}.Release|Any CPU.ActiveCfg = Release|Any CPU
		{69E0A768-7EAD-4B2B-9934-021FFC21F334}.Release|Any CPU.Build.0 = Release|Any CPU
		{6810282B-9355-4E0F-80BA-CC0AA1BD7BF7}.Debug|Any CPU.ActiveCfg = Debug|Any CPU
		{6810282B-9355-4E0F-80BA-CC0AA1BD7BF7}.Debug|Any CPU.Build.0 = Debug|Any CPU
		{6810282B-9355-4E0F-80BA-CC0AA1BD7BF7}.Release|Any CPU.ActiveCfg = Release|Any CPU
		{6810282B-9355-4E0F-80BA-CC0AA1BD7BF7}.Release|Any CPU.Build.0 = Release|Any CPU
		{284CFEE7-3E37-4FFC-AD6A-E6DB38DBF7E3}.Debug|Any CPU.ActiveCfg = Debug|Any CPU
		{284CFEE7-3E37-4FFC-AD6A-E6DB38DBF7E3}.Debug|Any CPU.Build.0 = Debug|Any CPU
		{284CFEE7-3E37-4FFC-AD6A-E6DB38DBF7E3}.Release|Any CPU.ActiveCfg = Release|Any CPU
		{284CFEE7-3E37-4FFC-AD6A-E6DB38DBF7E3}.Release|Any CPU.Build.0 = Release|Any CPU
	EndGlobalSection
	GlobalSection(SolutionProperties) = preSolution
		HideSolutionNode = FALSE
	EndGlobalSection
	GlobalSection(ExtensibilityGlobals) = postSolution
		SolutionGuid = {DB79BBB4-7A40-4166-8785-6A7FCF24B303}
	EndGlobalSection
EndGlobal
